
Microsoft Visual Studio Solution File, Format Version 12.00
# Visual Studio 15
VisualStudioVersion = 15.0.28307.489
MinimumVisualStudioVersion = 10.0.40219.1
Project("{FAE04EC0-301F-11D3-BF4B-00C04F79EFBC}") = "StoreManagement_MVC", "StoreManagement_MVC\StoreManagement_MVC.csproj", "{9704E314-916E-41D1-BBDB-0762A536CC7C}"
EndProject
Global
	GlobalSection(SolutionConfigurationPlatforms) = preSolution
		Debug|Any CPU = Debug|Any CPU
		Release|Any CPU = Release|Any CPU
	EndGlobalSection
	GlobalSection(ProjectConfigurationPlatforms) = postSolution
		{9704E314-916E-41D1-BBDB-0762A536CC7C}.Debug|Any CPU.ActiveCfg = Debug|Any CPU
		{9704E314-916E-41D1-BBDB-0762A536CC7C}.Debug|Any CPU.Build.0 = Debug|Any CPU
		{9704E314-916E-41D1-BBDB-0762A536CC7C}.Release|Any CPU.ActiveCfg = Release|Any CPU
		{9704E314-916E-41D1-BBDB-0762A536CC7C}.Release|Any CPU.Build.0 = Release|Any CPU
	EndGlobalSection
	GlobalSection(SolutionProperties) = preSolution
		HideSolutionNode = FALSE
	EndGlobalSection
	GlobalSection(ExtensibilityGlobals) = postSolution
		SolutionGuid = {70304533-D4A4-4E47-ADA0-7AB9CC4B67FA}
	EndGlobalSection
EndGlobal
